
Microsoft Visual Studio Solution File, Format Version 12.00
# Visual Studio Version 17
VisualStudioVersion = 17.5.002.0
MinimumVisualStudioVersion = 10.0.40219.1
Project("{9A19103F-16F7-4668-BE54-9A1E7A4F7556}") = "PointofSales", "PointofSales.csproj", "{68B3CAF8-050C-48B2-9F98-A4B4CBF91DCF}"
EndProject
Global
	GlobalSection(SolutionConfigurationPlatforms) = preSolution
		Debug|Any CPU = Debug|Any CPU
		Release|Any CPU = Release|Any CPU
	EndGlobalSection
	GlobalSection(ProjectConfigurationPlatforms) = postSolution
		{68B3CAF8-050C-48B2-9F98-A4B4CBF91DCF}.Debug|Any CPU.ActiveCfg = Debug|Any CPU
		{68B3CAF8-050C-48B2-9F98-A4B4CBF91DCF}.Debug|Any CPU.Build.0 = Debug|Any CPU
		{68B3CAF8-050C-48B2-9F98-A4B4CBF91DCF}.Release|Any CPU.ActiveCfg = Release|Any CPU
		{68B3CAF8-050C-48B2-9F98-A4B4CBF91DCF}.Release|Any CPU.Build.0 = Release|Any CPU
	EndGlobalSection
	GlobalSection(SolutionProperties) = preSolution
		HideSolutionNode = FALSE
	EndGlobalSection
	GlobalSection(ExtensibilityGlobals) = postSolution
		SolutionGuid = {D529C097-949F-4C8F-B704-9C297765DCBC}
	EndGlobalSection
EndGlobal
